// !$*UTF8*$!
{
	archiveVersion = 1;
	classes = {
	};
	objectVersion = 46;
	objects = {

/* Begin PBXBuildFile section */
		AF8E65731DB4AE2900A93946 /* AppDelegate.swift in Sources */ = {isa = PBXBuildFile; fileRef = AF8E65721DB4AE2900A93946 /* AppDelegate.swift */; };
		AF8E65751DB4AE2900A93946 /* ViewController.swift in Sources */ = {isa = PBXBuildFile; fileRef = AF8E65741DB4AE2900A93946 /* ViewController.swift */; };
		AF8E65781DB4AE2A00A93946 /* Main.storyboard in Resources */ = {isa = PBXBuildFile; fileRef = AF8E65761DB4AE2A00A93946 /* Main.storyboard */; };
		AF8E657A1DB4AE2A00A93946 /* Assets.xcassets in Resources */ = {isa = PBXBuildFile; fileRef = AF8E65791DB4AE2A00A93946 /* Assets.xcassets */; };
		AF8E657D1DB4AE2A00A93946 /* LaunchScreen.storyboard in Resources */ = {isa = PBXBuildFile; fileRef = AF8E657B1DB4AE2A00A93946 /* LaunchScreen.storyboard */; };
/* End PBXBuildFile section */

/* Begin PBXFileReference section */
		AF8E656F1DB4AE2900A93946 /* yvette.app */ = {isa = PBXFileReference; explicitFileType = wrapper.application; includeInIndex = 0; path = yvette.app; sourceTree = BUILT_PRODUCTS_DIR; };
		AF8E65721DB4AE2900A93946 /* AppDelegate.swift */ = {isa = PBXFileReference; lastKnownFileType = sourcecode.swift; path = AppDelegate.swift; sourceTree = "<group>"; };
		AF8E65741DB4AE2900A93946 /* ViewController.swift */ = {isa = PBXFileReference; lastKnownFileType = sourcecode.swift; path = ViewController.swift; sourceTree = "<group>"; };
		AF8E65771DB4AE2A00A93946 /* Base */ = {isa = PBXFileReference; lastKnownFileType = file.storyboard; name = Base; path = Base.lproj/Main.storyboard; sourceTree = "<group>"; };
		AF8E65791DB4AE2A00A93946 /* Assets.xcassets */ = {isa = PBXFileReference; lastKnownFileType = folder.assetcatalog; path = Assets.xcassets; sourceTree = "<group>"; };
		AF8E657C1DB4AE2A00A93946 /* Base */ = {isa = PBXFileReference; lastKnownFileType = file.storyboard; name = Base; path = Base.lproj/LaunchScreen.storyboard; sourceTree = "<group>"; };
		AF8E657E1DB4AE2A00A93946 /* Info.plist */ = {isa = PBXFileReference; lastKnownFileType = text.plist.xml; path = Info.plist; sourceTree = "<group>"; };
/* End PBXFileReference section */

/* Begin PBXFrameworksBuildPhase section */
		AF8E656C1DB4AE2900A93946 /* Frameworks */ = {
			isa = PBXFrameworksBuildPhase;
			buildActionMask = 2147483647;
			files = (
			);
			runOnlyForDeploymentPostprocessing = 0;
		};
/* End PBXFrameworksBuildPhase section */

/* Begin PBXGroup section */
		AF8E65661DB4AE2900A93946 = {
			isa = PBXGroup;
			children = (
				AF8E65711DB4AE2900A93946 /* yvette */,
				AF8E65701DB4AE2900A93946 /* Products */,
			);
			sourceTree = "<group>";
		};
		AF8E65701DB4AE2900A93946 /* Products */ = {
			isa = PBXGroup;
			children = (
				AF8E656F1DB4AE2900A93946 /* yvette.app */,
			);
			name = Products;
			sourceTree = "<group>";
		};
		AF8E65711DB4AE2900A93946 /* yvette */ = {
			isa = PBXGroup;
			children = (
				AF8E65721DB4AE2900A93946 /* AppDelegate.swift */,
				AF8E65741DB4AE2900A93946 /* ViewController.swift */,
				AF8E65761DB4AE2A00A93946 /* Main.storyboard */,
				AF8E65791DB4AE2A00A93946 /* Assets.xcassets */,
				AF8E657B1DB4AE2A00A93946 /* LaunchScreen.storyboard */,
				AF8E657E1DB4AE2A00A93946 /* Info.plist */,
			);
			path = yvette;
			sourceTree = "<group>";
		};
/* End PBXGroup section */

/* Begin PBXNativeTarget section */
		AF8E656E1DB4AE2900A93946 /* yvette */ = {
			isa = PBXNativeTarget;
			buildConfigurationList = AF8E65811DB4AE2A00A93946 /* Build configuration list for PBXNativeTarget "yvette" */;
			buildPhases = (
				AF8E656B1DB4AE2900A93946 /* Sources */,
				AF8E656C1DB4AE2900A93946 /* Frameworks */,
				AF8E656D1DB4AE2900A93946 /* Resources */,
			);
			buildRules = (
			);
			dependencies = (
			);
			name = yvette;
			productName = yvette;
			productReference = AF8E656F1DB4AE2900A93946 /* yvette.app */;
			productType = "com.apple.product-type.application";
		};
/* End PBXNativeTarget section */

/* Begin PBXProject section */
		AF8E65671DB4AE2900A93946 /* Project object */ = {
			isa = PBXProject;
			attributes = {
				LastSwiftUpdateCheck = 0800;
				LastUpgradeCheck = 0800;
				ORGANIZATIONNAME = "ice elson";
				TargetAttributes = {
					AF8E656E1DB4AE2900A93946 = {
						CreatedOnToolsVersion = 8.0;
						DevelopmentTeam = U55RL8468U;
						ProvisioningStyle = Automatic;
					};
				};
			};
			buildConfigurationList = AF8E656A1DB4AE2900A93946 /* Build configuration list for PBXProject "yvette" */;
			compatibilityVersion = "Xcode 3.2";
			developmentRegion = English;
			hasScannedForEncodings = 0;
			knownRegions = (
				en,
				Base,
			);
			mainGroup = AF8E65661DB4AE2900A93946;
			productRefGroup = AF8E65701DB4AE2900A93946 /* Products */;
			projectDirPath = "";
			projectRoot = "";
			targets = (
				AF8E656E1DB4AE2900A93946 /* yvette */,
			);
		};
/* End PBXProject section */

/* Begin PBXResourcesBuildPhase section */
		AF8E656D1DB4AE2900A93946 /* Resources */ = {
			isa = PBXResourcesBuildPhase;
			buildActionMask = 2147483647;
			files = (
				AF8E657D1DB4AE2A00A93946 /* LaunchScreen.storyboard in Resources */,
				AF8E657A1DB4AE2A00A93946 /* Assets.xcassets in Resources */,
				AF8E65781DB4AE2A00A93946 /* Main.storyboard in Resources */,
			);
			runOnlyForDeploymentPostprocessing = 0;
		};
/* End PBXResourcesBuildPhase section */

/* Begin PBXSourcesBuildPhase section */
		AF8E656B1DB4AE2900A93946 /* Sources */ = {
			isa = PBXSourcesBuildPhase;
			buildActionMask = 2147483647;
			files = (
				AF8E65751DB4AE2900A93946 /* ViewController.swift in Sources */,
				AF8E65731DB4AE2900A93946 /* AppDelegate.swift in Sources */,
			);
			runOnlyForDeploymentPostprocessing = 0;
		};
/* End PBXSourcesBuildPhase section */

/* Begin PBXVariantGroup section */
		AF8E65761DB4AE2A00A93946 /* Main.storyboard */ = {
			isa = PBXVariantGroup;
			children = (
				AF8E65771DB4AE2A00A93946 /* Base */,
			);
			name = Main.storyboard;
			sourceTree = "<group>";
		};
		AF8E657B1DB4AE2A00A93946 /* LaunchScreen.storyboard */ = {
			isa = PBXVariantGroup;
			children = (
				AF8E657C1DB4AE2A00A93946 /* Base */,
			);
			name = LaunchScreen.storyboard;
			sourceTree = "<group>";
		};
/* End PBXVariantGroup section */

/* Begin XCBuildConfiguration section */
		AF8E657F1DB4AE2A00A93946 /* Debug */ = {
			isa = XCBuildConfiguration;
			buildSettings = {
				ALWAYS_SEARCH_USER_PATHS = NO;
				CLANG_ANALYZER_NONNULL = YES;
				CLANG_CXX_LANGUAGE_STANDARD = "gnu++0x";
				CLANG_CXX_LIBRARY = "libc++";
				CLANG_ENABLE_MODULES = YES;
				CLANG_ENABLE_OBJC_ARC = YES;
				CLANG_WARN_BOOL_CONVERSION = YES;
				CLANG_WARN_CONSTANT_CONVERSION = YES;
				CLANG_WARN_DIRECT_OBJC_ISA_USAGE = YES_ERROR;
				CLANG_WARN_DOCUMENTATION_COMMENTS = YES;
				CLANG_WARN_EMPTY_BODY = YES;
				CLANG_WARN_ENUM_CONVERSION = YES;
				CLANG_WARN_INFINITE_RECURSION = YES;
				CLANG_WARN_INT_CONVERSION = YES;
				CLANG_WARN_OBJC_ROOT_CLASS = YES_ERROR;
				CLANG_WARN_SUSPICIOUS_MOVES = YES;
				CLANG_WARN_UNREACHABLE_CODE = YES;
				CLANG_WARN__DUPLICATE_METHOD_MATCH = YES;
				"CODE_SIGN_IDENTITY[sdk=iphoneos*]" = "iPhone Developer";
				COPY_PHASE_STRIP = NO;
				DEBUG_INFORMATION_FORMAT = dwarf;
				ENABLE_STRICT_OBJC_MSGSEND = YES;
				ENABLE_TESTABILITY = YES;
				GCC_C_LANGUAGE_STANDARD = gnu99;
				GCC_DYNAMIC_NO_PIC = NO;
				GCC_NO_COMMON_BLOCKS = YES;
				GCC_OPTIMIZATION_LEVEL = 0;
				GCC_PREPROCESSOR_DEFINITIONS = (
					"DEBUG=1",
					"$(inherited)",
				);
				GCC_WARN_64_TO_32_BIT_CONVERSION = YES;
				GCC_WARN_ABOUT_RETURN_TYPE = YES_ERROR;
				GCC_WARN_UNDECLARED_SELECTOR = YES;
				GCC_WARN_UNINITIALIZED_AUTOS = YES_AGGRESSIVE;
				GCC_WARN_UNUSED_FUNCTION = YES;
				GCC_WARN_UNUSED_VARIABLE = YES;
				IPHONEOS_DEPLOYMENT_TARGET = 10.0;
				MTL_ENABLE_DEBUG_INFO = YES;
				ONLY_ACTIVE_ARCH = YES;
				SDKROOT = iphoneos;
				SWIFT_ACTIVE_COMPILATION_CONDITIONS = DEBUG;
				SWIFT_OPTIMIZATION_LEVEL = "-Onone";
				TARGETED_DEVICE_FAMILY = "1,2";
			};
			name = Debug;
		};
		AF8E65801DB4AE2A00A93946 /* Release */ = {
			isa = XCBuildConfiguration;
			buildSettings = {
				ALWAYS_SEARCH_USER_PATHS = NO;
				CLANG_ANALYZER_NONNULL = YES;
				CLANG_CXX_LANGUAGE_STANDARD = "gnu++0x";
				CLANG_CXX_LIBRARY = "libc++";
				CLANG_ENABLE_MODULES = YES;
				CLANG_ENABLE_OBJC_ARC = YES;
				CLANG_WARN_BOOL_CONVERSION = YES;
				CLANG_WARN_CONSTANT_CONVERSION = YES;
				CLANG_WARN_DIRECT_OBJC_ISA_USAGE = YES_ERROR;
				CLANG_WARN_DOCUMENTATION_COMMENTS = YES;
				CLANG_WARN_EMPTY_BODY = YES;
				CLANG_WARN_ENUM_CONVERSION = YES;
				CLANG_WARN_INFINITE_RECURSION = YES;
				CLANG_WARN_INT_CONVERSION = YES;
				CLANG_WARN_OBJC_ROOT_CLASS = YES_ERROR;
				CLANG_WARN_SUSPICIOUS_MOVES = YES;
				CLANG_WARN_UNREACHABLE_CODE = YES;
				CLANG_WARN__DUPLICATE_METHOD_MATCH = YES;
				"CODE_SIGN_IDENTITY[sdk=iphoneos*]" = "iPhone Developer";
				COPY_PHASE_STRIP = NO;
				DEBUG_INFORMATION_FORMAT = "dwarf-with-dsym";
				ENABLE_NS_ASSERTIONS = NO;
				ENABLE_STRICT_OBJC_MSGSEND = YES;
				GCC_C_LANGUAGE_STANDARD = gnu99;
				GCC_NO_COMMON_BLOCKS = YES;
				GCC_WARN_64_TO_32_BIT_CONVERSION = YES;
				GCC_WARN_ABOUT_RETURN_TYPE = YES_ERROR;
				GCC_WARN_UNDECLARED_SELECTOR = YES;
				GCC_WARN_UNINITIALIZED_AUTOS = YES_AGGRESSIVE;
				GCC_WARN_UNUSED_FUNCTION = YES;
				GCC_WARN_UNUSED_VARIABLE = YES;
				IPHONEOS_DEPLOYMENT_TARGET = 10.0;
				MTL_ENABLE_DEBUG_INFO = NO;
				SDKROOT = iphoneos;
				SWIFT_OPTIMIZATION_LEVEL = "-Owholemodule";
				TARGETED_DEVICE_FAMILY = "1,2";
				VALIDATE_PRODUCT = YES;
			};
			name = Release;
		};
		AF8E65821DB4AE2A00A93946 /* Debug */ = {
			isa = XCBuildConfiguration;
			buildSettings = {
				ASSETCATALOG_COMPILER_APPICON_NAME = AppIcon;
				DEVELOPMENT_TEAM = U55RL8468U;
				INFOPLIST_FILE = yvette/Info.plist;
				LD_RUNPATH_SEARCH_PATHS = "$(inherited) @executable_path/Frameworks";
				PRODUCT_BUNDLE_IDENTIFIER = com.elson.yvette;
				PRODUCT_NAME = "$(TARGET_NAME)";
				SWIFT_VERSION = 3.0;
			};
			name = Debug;
		};
		AF8E65831DB4AE2A00A93946 /* Release */ = {
			isa = XCBuildConfiguration;
			buildSettings = {
				ASSETCATALOG_COMPILER_APPICON_NAME = AppIcon;
				DEVELOPMENT_TEAM = U55RL8468U;
				INFOPLIST_FILE = yvette/Info.plist;
				LD_RUNPATH_SEARCH_PATHS = "$(inherited) @executable_path/Frameworks";
				PRODUCT_BUNDLE_IDENTIFIER = com.elson.yvette;
				PRODUCT_NAME = "$(TARGET_NAME)";
				SWIFT_VERSION = 3.0;
			};
			name = Release;
		};
/* End XCBuildConfiguration section */

/* Begin XCConfigurationList section */
		AF8E656A1DB4AE2900A93946 /* Build configuration list for PBXProject "yvette" */ = {
			isa = XCConfigurationList;
			buildConfigurations = (
				AF8E657F1DB4AE2A00A93946 /* Debug */,
				AF8E65801DB4AE2A00A93946 /* Release */,
			);
			defaultConfigurationIsVisible = 0;
			defaultConfigurationName = Release;
		};
		AF8E65811DB4AE2A00A93946 /* Build configuration list for PBXNativeTarget "yvette" */ = {
			isa = XCConfigurationList;
			buildConfigurations = (
				AF8E65821DB4AE2A00A93946 /* Debug */,
				AF8E65831DB4AE2A00A93946 /* Release */,
			);
			defaultConfigurationIsVisible = 0;
		};
/* End XCConfigurationList section */
	};
	rootObject = AF8E65671DB4AE2900A93946 /* Project object */;
}
